// !$*UTF8*$!
{
	archiveVersion = 1;
	classes = {
	};
	objectVersion = 46;
	objects = {

/* Begin PBXBuildFile section */
		EE0E714A19DCF2CC00247A08 /* AppDelegate.swift in Sources */ = {isa = PBXBuildFile; fileRef = EE0E714919DCF2CC00247A08 /* AppDelegate.swift */; };
		EE0E715119DCF2CC00247A08 /* Main.storyboard in Resources */ = {isa = PBXBuildFile; fileRef = EE0E714F19DCF2CC00247A08 /* Main.storyboard */; };
		EE0E715319DCF2CC00247A08 /* Images.xcassets in Resources */ = {isa = PBXBuildFile; fileRef = EE0E715219DCF2CC00247A08 /* Images.xcassets */; };
		EE0E715619DCF2CC00247A08 /* LaunchScreen.xib in Resources */ = {isa = PBXBuildFile; fileRef = EE0E715419DCF2CC00247A08 /* LaunchScreen.xib */; };
		EE0E716219DCF2CC00247A08 /* IDOLBoxTests.swift in Sources */ = {isa = PBXBuildFile; fileRef = EE0E716119DCF2CC00247A08 /* IDOLBoxTests.swift */; };
		EE13D3A519EA6FE200581955 /* DocumentPickerViewController.swift in Sources */ = {isa = PBXBuildFile; fileRef = EE13D3A419EA6FE200581955 /* DocumentPickerViewController.swift */; };
		EE13D3A719EA6FEA00581955 /* MainInterface.storyboard in Resources */ = {isa = PBXBuildFile; fileRef = EE13D3A619EA6FEA00581955 /* MainInterface.storyboard */; };
		EE13D3A919EA6FF100581955 /* SelectDocTableViewController.swift in Sources */ = {isa = PBXBuildFile; fileRef = EE13D3A819EA6FF100581955 /* SelectDocTableViewController.swift */; };
		EE2196FF19E8C0B00027B190 /* IDOLBoxFramework.framework in Frameworks */ = {isa = PBXBuildFile; fileRef = EE2196FA19E8BF760027B190 /* IDOLBoxFramework.framework */; };
		EE21970F19E8C8600027B190 /* IDOLBoxFramework.framework in Frameworks */ = {isa = PBXBuildFile; fileRef = EE2196FA19E8BF760027B190 /* IDOLBoxFramework.framework */; };
		EE24E8AC19DE2B5900391E11 /* BoxTableViewController.swift in Sources */ = {isa = PBXBuildFile; fileRef = EE24E8AB19DE2B5900391E11 /* BoxTableViewController.swift */; };
		EE27E3E619EBB43F00C970C5 /* Images.xcassets in Resources */ = {isa = PBXBuildFile; fileRef = EE0E715219DCF2CC00247A08 /* Images.xcassets */; };
		EE4899A219E5497D00BB7977 /* SearchResultTableViewController.swift in Sources */ = {isa = PBXBuildFile; fileRef = EE4899A119E5497D00BB7977 /* SearchResultTableViewController.swift */; };
		EE54352619E908C90037A6D6 /* IDOLBoxFramework.framework in CopyFiles */ = {isa = PBXBuildFile; fileRef = EE2196FA19E8BF760027B190 /* IDOLBoxFramework.framework */; settings = {ATTRIBUTES = (CodeSignOnCopy, RemoveHeadersOnCopy, ); }; };
		EE54352719E915F00037A6D6 /* Images.xcassets in Resources */ = {isa = PBXBuildFile; fileRef = EE0E715219DCF2CC00247A08 /* Images.xcassets */; };
		EE59F88E19EA6BC0005A7657 /* IDOLBoxProvider.appex in Embed App Extensions */ = {isa = PBXBuildFile; fileRef = EE59F88319EA6BC0005A7657 /* IDOLBoxProvider.appex */; settings = {ATTRIBUTES = (RemoveHeadersOnCopy, ); }; };
		EE59F89419EA6C73005A7657 /* IDOLBoxFramework.framework in Frameworks */ = {isa = PBXBuildFile; fileRef = EE2196FA19E8BF760027B190 /* IDOLBoxFramework.framework */; };
		EE59F89519EA6C7A005A7657 /* Images.xcassets in Resources */ = {isa = PBXBuildFile; fileRef = EE0E715219DCF2CC00247A08 /* Images.xcassets */; };
		EE81753B19EB6C5000874E65 /* extension_js.js in Resources */ = {isa = PBXBuildFile; fileRef = EE81753A19EB6C5000874E65 /* extension_js.js */; };
		EEC9D3FF19E68DBC005A4D7E /* SearchResultDetailViewController.swift in Sources */ = {isa = PBXBuildFile; fileRef = EEC9D3FE19E68DBC005A4D7E /* SearchResultDetailViewController.swift */; };
		EEC9D40419E6A8FB005A4D7E /* reset.css in Resources */ = {isa = PBXBuildFile; fileRef = EEC9D40319E6A8FB005A4D7E /* reset.css */; };
		EEC9D40619E6A929005A4D7E /* style.css in Resources */ = {isa = PBXBuildFile; fileRef = EEC9D40519E6A929005A4D7E /* style.css */; };
		EEC9D40A19E6A99F005A4D7E /* ViewDocumentTemplate.html in Resources */ = {isa = PBXBuildFile; fileRef = EEC9D40919E6A99F005A4D7E /* ViewDocumentTemplate.html */; };
		EEC9D40E19E6BAEC005A4D7E /* ViewDocumentTemplateProcessor.swift in Sources */ = {isa = PBXBuildFile; fileRef = EEC9D40D19E6BAEC005A4D7E /* ViewDocumentTemplateProcessor.swift */; };
		EEC9D41B19E7BCC4005A4D7E /* skin.css in Resources */ = {isa = PBXBuildFile; fileRef = EEC9D41A19E7BCC4005A4D7E /* skin.css */; };
		EEE4BECD19E93E9400782DBB /* IDOLBoxFramework.framework in Frameworks */ = {isa = PBXBuildFile; fileRef = EE2196FA19E8BF760027B190 /* IDOLBoxFramework.framework */; };
		EEEFD72C19E7FAA40041D1EF /* ActionViewController.swift in Sources */ = {isa = PBXBuildFile; fileRef = EEEFD72B19E7FAA40041D1EF /* ActionViewController.swift */; };
		EEEFD72E19E7FAA40041D1EF /* MainInterface.storyboard in Resources */ = {isa = PBXBuildFile; fileRef = EEEFD72D19E7FAA40041D1EF /* MainInterface.storyboard */; };
		EEEFD73119E7FAA40041D1EF /* IDOLBoxAction.appex in Embed App Extensions */ = {isa = PBXBuildFile; fileRef = EEEFD72719E7FAA30041D1EF /* IDOLBoxAction.appex */; settings = {ATTRIBUTES = (RemoveHeadersOnCopy, ); }; };
		EEEFD74119E7FB760041D1EF /* ShareViewController.swift in Sources */ = {isa = PBXBuildFile; fileRef = EEEFD74019E7FB760041D1EF /* ShareViewController.swift */; };
		EEEFD74319E7FB760041D1EF /* MainInterface.storyboard in Resources */ = {isa = PBXBuildFile; fileRef = EEEFD74219E7FB760041D1EF /* MainInterface.storyboard */; };
		EEEFD74619E7FB760041D1EF /* IDOLBoxShare.appex in Embed App Extensions */ = {isa = PBXBuildFile; fileRef = EEEFD73C19E7FB760041D1EF /* IDOLBoxShare.appex */; settings = {ATTRIBUTES = (RemoveHeadersOnCopy, ); }; };
		EEF9DEC519E3738000F718F8 /* SettingsViewController.swift in Sources */ = {isa = PBXBuildFile; fileRef = EEF9DEC419E3738000F718F8 /* SettingsViewController.swift */; };
		EEF9DEC719E3789300F718F8 /* FindViewController.swift in Sources */ = {isa = PBXBuildFile; fileRef = EEF9DEC619E3789300F718F8 /* FindViewController.swift */; };
		EEF9DEC919E3954500F718F8 /* SelectIndexTableViewController.swift in Sources */ = {isa = PBXBuildFile; fileRef = EEF9DEC819E3954500F718F8 /* SelectIndexTableViewController.swift */; };
/* End PBXBuildFile section */

/* Begin PBXContainerItemProxy section */
		EE0E715C19DCF2CC00247A08 /* PBXContainerItemProxy */ = {
			isa = PBXContainerItemProxy;
			containerPortal = EE0E713C19DCF2CC00247A08 /* Project object */;
			proxyType = 1;
			remoteGlobalIDString = EE0E714319DCF2CC00247A08;
			remoteInfo = IDOLBox;
		};
		EE2196F919E8BF760027B190 /* PBXContainerItemProxy */ = {
			isa = PBXContainerItemProxy;
			containerPortal = EE2196F419E8BF750027B190 /* IDOLBoxFramework.xcodeproj */;
			proxyType = 2;
			remoteGlobalIDString = EE2196D819E8BF750027B190;
			remoteInfo = IDOLBoxFramework;
		};
		EE2196FB19E8BF760027B190 /* PBXContainerItemProxy */ = {
			isa = PBXContainerItemProxy;
			containerPortal = EE2196F419E8BF750027B190 /* IDOLBoxFramework.xcodeproj */;
			proxyType = 2;
			remoteGlobalIDString = EE2196E319E8BF750027B190;
			remoteInfo = IDOLBoxFrameworkTests;
		};
		EE59F88C19EA6BC0005A7657 /* PBXContainerItemProxy */ = {
			isa = PBXContainerItemProxy;
			containerPortal = EE0E713C19DCF2CC00247A08 /* Project object */;
			proxyType = 1;
			remoteGlobalIDString = EE59F88219EA6BC0005A7657;
			remoteInfo = IDOLBoxProvider;
		};
		EE59F88F19EA6BC0005A7657 /* PBXContainerItemProxy */ = {
			isa = PBXContainerItemProxy;
			containerPortal = EE0E713C19DCF2CC00247A08 /* Project object */;
			proxyType = 1;
			remoteGlobalIDString = EE59F88219EA6BC0005A7657;
			remoteInfo = IDOLBoxProvider;
		};
		EEEFD72F19E7FAA40041D1EF /* PBXContainerItemProxy */ = {
			isa = PBXContainerItemProxy;
			containerPortal = EE0E713C19DCF2CC00247A08 /* Project object */;
			proxyType = 1;
			remoteGlobalIDString = EEEFD72619E7FAA30041D1EF;
			remoteInfo = IDOLBoxAction;
		};
		EEEFD73219E7FAA40041D1EF /* PBXContainerItemProxy */ = {
			isa = PBXContainerItemProxy;
			containerPortal = EE0E713C19DCF2CC00247A08 /* Project object */;
			proxyType = 1;
			remoteGlobalIDString = EEEFD72619E7FAA30041D1EF;
			remoteInfo = IDOLBoxAction;
		};
		EEEFD74419E7FB760041D1EF /* PBXContainerItemProxy */ = {
			isa = PBXContainerItemProxy;
			containerPortal = EE0E713C19DCF2CC00247A08 /* Project object */;
			proxyType = 1;
			remoteGlobalIDString = EEEFD73B19E7FB760041D1EF;
			remoteInfo = IDOLBoxShare;
		};
		EEEFD74719E7FB760041D1EF /* PBXContainerItemProxy */ = {
			isa = PBXContainerItemProxy;
			containerPortal = EE0E713C19DCF2CC00247A08 /* Project object */;
			proxyType = 1;
			remoteGlobalIDString = EEEFD73B19E7FB760041D1EF;
			remoteInfo = IDOLBoxShare;
		};
/* End PBXContainerItemProxy section */

/* Begin PBXCopyFilesBuildPhase section */
		EE54352319E908B50037A6D6 /* CopyFiles */ = {
			isa = PBXCopyFilesBuildPhase;
			buildActionMask = 2147483647;
			dstPath = "";
			dstSubfolderSpec = 10;
			files = (
				EE54352619E908C90037A6D6 /* IDOLBoxFramework.framework in CopyFiles */,
			);
			runOnlyForDeploymentPostprocessing = 0;
		};
		EEEFD73719E7FAA40041D1EF /* Embed App Extensions */ = {
			isa = PBXCopyFilesBuildPhase;
			buildActionMask = 2147483647;
			dstPath = "";
			dstSubfolderSpec = 13;
			files = (
				EE59F88E19EA6BC0005A7657 /* IDOLBoxProvider.appex in Embed App Extensions */,
				EEEFD74619E7FB760041D1EF /* IDOLBoxShare.appex in Embed App Extensions */,
				EEEFD73119E7FAA40041D1EF /* IDOLBoxAction.appex in Embed App Extensions */,
			);
			name = "Embed App Extensions";
			runOnlyForDeploymentPostprocessing = 0;
		};
/* End PBXCopyFilesBuildPhase section */

/* Begin PBXFileReference section */
		EE0E714419DCF2CC00247A08 /* IDOLBox.app */ = {isa = PBXFileReference; explicitFileType = wrapper.application; includeInIndex = 0; path = IDOLBox.app; sourceTree = BUILT_PRODUCTS_DIR; };
		EE0E714819DCF2CC00247A08 /* Info.plist */ = {isa = PBXFileReference; lastKnownFileType = text.plist.xml; path = Info.plist; sourceTree = "<group>"; };
		EE0E714919DCF2CC00247A08 /* AppDelegate.swift */ = {isa = PBXFileReference; lastKnownFileType = sourcecode.swift; path = AppDelegate.swift; sourceTree = "<group>"; };
		EE0E715019DCF2CC00247A08 /* Base */ = {isa = PBXFileReference; lastKnownFileType = file.storyboard; name = Base; path = Base.lproj/Main.storyboard; sourceTree = "<group>"; };
		EE0E715219DCF2CC00247A08 /* Images.xcassets */ = {isa = PBXFileReference; lastKnownFileType = folder.assetcatalog; path = Images.xcassets; sourceTree = "<group>"; };
		EE0E715519DCF2CC00247A08 /* Base */ = {isa = PBXFileReference; lastKnownFileType = file.xib; name = Base; path = Base.lproj/LaunchScreen.xib; sourceTree = "<group>"; };
		EE0E715B19DCF2CC00247A08 /* IDOLBoxTests.xctest */ = {isa = PBXFileReference; explicitFileType = wrapper.cfbundle; includeInIndex = 0; path = IDOLBoxTests.xctest; sourceTree = BUILT_PRODUCTS_DIR; };
		EE0E716019DCF2CC00247A08 /* Info.plist */ = {isa = PBXFileReference; lastKnownFileType = text.plist.xml; path = Info.plist; sourceTree = "<group>"; };
		EE0E716119DCF2CC00247A08 /* IDOLBoxTests.swift */ = {isa = PBXFileReference; lastKnownFileType = sourcecode.swift; path = IDOLBoxTests.swift; sourceTree = "<group>"; };
		EE13D3A419EA6FE200581955 /* DocumentPickerViewController.swift */ = {isa = PBXFileReference; fileEncoding = 4; lastKnownFileType = sourcecode.swift; path = DocumentPickerViewController.swift; sourceTree = "<group>"; };
		EE13D3A619EA6FEA00581955 /* MainInterface.storyboard */ = {isa = PBXFileReference; fileEncoding = 4; lastKnownFileType = file.storyboard; path = MainInterface.storyboard; sourceTree = "<group>"; };
		EE13D3A819EA6FF100581955 /* SelectDocTableViewController.swift */ = {isa = PBXFileReference; fileEncoding = 4; lastKnownFileType = sourcecode.swift; path = SelectDocTableViewController.swift; sourceTree = "<group>"; };
		EE2196F419E8BF750027B190 /* IDOLBoxFramework.xcodeproj */ = {isa = PBXFileReference; lastKnownFileType = "wrapper.pb-project"; name = IDOLBoxFramework.xcodeproj; path = IDOLBoxFramework/IDOLBoxFramework.xcodeproj; sourceTree = "<group>"; };
		EE24E8AB19DE2B5900391E11 /* BoxTableViewController.swift */ = {isa = PBXFileReference; fileEncoding = 4; lastKnownFileType = sourcecode.swift; path = BoxTableViewController.swift; sourceTree = "<group>"; };
		EE4899A119E5497D00BB7977 /* SearchResultTableViewController.swift */ = {isa = PBXFileReference; fileEncoding = 4; lastKnownFileType = sourcecode.swift; path = SearchResultTableViewController.swift; sourceTree = "<group>"; };
		EE59F88319EA6BC0005A7657 /* IDOLBoxProvider.appex */ = {isa = PBXFileReference; explicitFileType = "wrapper.app-extension"; includeInIndex = 0; path = IDOLBoxProvider.appex; sourceTree = BUILT_PRODUCTS_DIR; };
		EE59F88619EA6BC0005A7657 /* Info.plist */ = {isa = PBXFileReference; lastKnownFileType = text.plist.xml; path = Info.plist; sourceTree = "<group>"; };
		EE59F88719EA6BC0005A7657 /* IDOLBoxProvider.entitlements */ = {isa = PBXFileReference; lastKnownFileType = text.xml; path = IDOLBoxProvider.entitlements; sourceTree = "<group>"; };
		EE81753A19EB6C5000874E65 /* extension_js.js */ = {isa = PBXFileReference; fileEncoding = 4; lastKnownFileType = sourcecode.javascript; path = extension_js.js; sourceTree = "<group>"; };
		EEC9D3FE19E68DBC005A4D7E /* SearchResultDetailViewController.swift */ = {isa = PBXFileReference; fileEncoding = 4; lastKnownFileType = sourcecode.swift; path = SearchResultDetailViewController.swift; sourceTree = "<group>"; };
		EEC9D40319E6A8FB005A4D7E /* reset.css */ = {isa = PBXFileReference; fileEncoding = 4; lastKnownFileType = text.css; path = reset.css; sourceTree = "<group>"; };
		EEC9D40519E6A929005A4D7E /* style.css */ = {isa = PBXFileReference; fileEncoding = 4; lastKnownFileType = text.css; path = style.css; sourceTree = "<group>"; };
		EEC9D40919E6A99F005A4D7E /* ViewDocumentTemplate.html */ = {isa = PBXFileReference; fileEncoding = 4; lastKnownFileType = text.html; path = ViewDocumentTemplate.html; sourceTree = "<group>"; };
		EEC9D40D19E6BAEC005A4D7E /* ViewDocumentTemplateProcessor.swift */ = {isa = PBXFileReference; fileEncoding = 4; lastKnownFileType = sourcecode.swift; path = ViewDocumentTemplateProcessor.swift; sourceTree = "<group>"; };
		EEC9D41A19E7BCC4005A4D7E /* skin.css */ = {isa = PBXFileReference; fileEncoding = 4; lastKnownFileType = text.css; path = skin.css; sourceTree = "<group>"; };
		EEE4BECE19E93E9E00782DBB /* IDOLBoxAction.entitlements */ = {isa = PBXFileReference; lastKnownFileType = text.xml; path = IDOLBoxAction.entitlements; sourceTree = "<group>"; };
		EEEFD72719E7FAA30041D1EF /* IDOLBoxAction.appex */ = {isa = PBXFileReference; explicitFileType = "wrapper.app-extension"; includeInIndex = 0; path = IDOLBoxAction.appex; sourceTree = BUILT_PRODUCTS_DIR; };
		EEEFD72A19E7FAA40041D1EF /* Info.plist */ = {isa = PBXFileReference; lastKnownFileType = text.plist.xml; path = Info.plist; sourceTree = "<group>"; };
		EEEFD72B19E7FAA40041D1EF /* ActionViewController.swift */ = {isa = PBXFileReference; lastKnownFileType = sourcecode.swift; path = ActionViewController.swift; sourceTree = "<group>"; };
		EEEFD72D19E7FAA40041D1EF /* MainInterface.storyboard */ = {isa = PBXFileReference; lastKnownFileType = file.storyboard; path = MainInterface.storyboard; sourceTree = "<group>"; };
		EEEFD73C19E7FB760041D1EF /* IDOLBoxShare.appex */ = {isa = PBXFileReference; explicitFileType = "wrapper.app-extension"; includeInIndex = 0; path = IDOLBoxShare.appex; sourceTree = BUILT_PRODUCTS_DIR; };
		EEEFD73F19E7FB760041D1EF /* Info.plist */ = {isa = PBXFileReference; lastKnownFileType = text.plist.xml; path = Info.plist; sourceTree = "<group>"; };
		EEEFD74019E7FB760041D1EF /* ShareViewController.swift */ = {isa = PBXFileReference; lastKnownFileType = sourcecode.swift; path = ShareViewController.swift; sourceTree = "<group>"; };
		EEEFD74219E7FB760041D1EF /* MainInterface.storyboard */ = {isa = PBXFileReference; lastKnownFileType = file.storyboard; path = MainInterface.storyboard; sourceTree = "<group>"; };
		EEEFD75019E821810041D1EF /* IDOLBox.entitlements */ = {isa = PBXFileReference; lastKnownFileType = text.xml; path = IDOLBox.entitlements; sourceTree = "<group>"; };
		EEEFD75119E822020041D1EF /* IDOLBoxShare.entitlements */ = {isa = PBXFileReference; lastKnownFileType = text.xml; path = IDOLBoxShare.entitlements; sourceTree = "<group>"; };
		EEF9DEC419E3738000F718F8 /* SettingsViewController.swift */ = {isa = PBXFileReference; fileEncoding = 4; lastKnownFileType = sourcecode.swift; path = SettingsViewController.swift; sourceTree = "<group>"; };
		EEF9DEC619E3789300F718F8 /* FindViewController.swift */ = {isa = PBXFileReference; fileEncoding = 4; lastKnownFileType = sourcecode.swift; path = FindViewController.swift; sourceTree = "<group>"; };
		EEF9DEC819E3954500F718F8 /* SelectIndexTableViewController.swift */ = {isa = PBXFileReference; fileEncoding = 4; lastKnownFileType = sourcecode.swift; path = SelectIndexTableViewController.swift; sourceTree = "<group>"; };
/* End PBXFileReference section */

/* Begin PBXFrameworksBuildPhase section */
		EE0E714119DCF2CC00247A08 /* Frameworks */ = {
			isa = PBXFrameworksBuildPhase;
			buildActionMask = 2147483647;
			files = (
				EE2196FF19E8C0B00027B190 /* IDOLBoxFramework.framework in Frameworks */,
			);
			runOnlyForDeploymentPostprocessing = 0;
		};
		EE0E715819DCF2CC00247A08 /* Frameworks */ = {
			isa = PBXFrameworksBuildPhase;
			buildActionMask = 2147483647;
			files = (
			);
			runOnlyForDeploymentPostprocessing = 0;
		};
		EE59F88019EA6BC0005A7657 /* Frameworks */ = {
			isa = PBXFrameworksBuildPhase;
			buildActionMask = 2147483647;
			files = (
				EE59F89419EA6C73005A7657 /* IDOLBoxFramework.framework in Frameworks */,
			);
			runOnlyForDeploymentPostprocessing = 0;
		};
		EEEFD72419E7FAA30041D1EF /* Frameworks */ = {
			isa = PBXFrameworksBuildPhase;
			buildActionMask = 2147483647;
			files = (
				EEE4BECD19E93E9400782DBB /* IDOLBoxFramework.framework in Frameworks */,
			);
			runOnlyForDeploymentPostprocessing = 0;
		};
		EEEFD73919E7FB760041D1EF /* Frameworks */ = {
			isa = PBXFrameworksBuildPhase;
			buildActionMask = 2147483647;
			files = (
				EE21970F19E8C8600027B190 /* IDOLBoxFramework.framework in Frameworks */,
			);
			runOnlyForDeploymentPostprocessing = 0;
		};
/* End PBXFrameworksBuildPhase section */

/* Begin PBXGroup section */
		EE0E713B19DCF2CC00247A08 = {
			isa = PBXGroup;
			children = (
				EE2196F419E8BF750027B190 /* IDOLBoxFramework.xcodeproj */,
				EE0E714619DCF2CC00247A08 /* IDOLBox */,
				EE0E715E19DCF2CC00247A08 /* IDOLBoxTests */,
				EEEFD72819E7FAA40041D1EF /* IDOLBoxAction */,
				EEEFD73D19E7FB760041D1EF /* IDOLBoxShare */,
				EE59F88419EA6BC0005A7657 /* IDOLBoxProvider */,
				EE0E714519DCF2CC00247A08 /* Products */,
			);
			sourceTree = "<group>";
		};
		EE0E714519DCF2CC00247A08 /* Products */ = {
			isa = PBXGroup;
			children = (
				EE0E714419DCF2CC00247A08 /* IDOLBox.app */,
				EE0E715B19DCF2CC00247A08 /* IDOLBoxTests.xctest */,
				EEEFD72719E7FAA30041D1EF /* IDOLBoxAction.appex */,
				EEEFD73C19E7FB760041D1EF /* IDOLBoxShare.appex */,
				EE59F88319EA6BC0005A7657 /* IDOLBoxProvider.appex */,
			);
			name = Products;
			sourceTree = "<group>";
		};
		EE0E714619DCF2CC00247A08 /* IDOLBox */ = {
			isa = PBXGroup;
			children = (
				EEEFD75019E821810041D1EF /* IDOLBox.entitlements */,
				EEF9DECE19E3A47600F718F8 /* Helpers */,
				EEF9DECA19E3A3A500F718F8 /* UI */,
				EE0E714719DCF2CC00247A08 /* Supporting Files */,
			);
			path = IDOLBox;
			sourceTree = "<group>";
		};
		EE0E714719DCF2CC00247A08 /* Supporting Files */ = {
			isa = PBXGroup;
			children = (
				EEC9D40919E6A99F005A4D7E /* ViewDocumentTemplate.html */,
				EEC9D40219E6A8C4005A4D7E /* css */,
				EE0E715219DCF2CC00247A08 /* Images.xcassets */,
				EE0E714819DCF2CC00247A08 /* Info.plist */,
			);
			name = "Supporting Files";
			sourceTree = "<group>";
		};
		EE0E715E19DCF2CC00247A08 /* IDOLBoxTests */ = {
			isa = PBXGroup;
			children = (
				EE0E716119DCF2CC00247A08 /* IDOLBoxTests.swift */,
				EE0E715F19DCF2CC00247A08 /* Supporting Files */,
			);
			path = IDOLBoxTests;
			sourceTree = "<group>";
		};
		EE0E715F19DCF2CC00247A08 /* Supporting Files */ = {
			isa = PBXGroup;
			children = (
				EE0E716019DCF2CC00247A08 /* Info.plist */,
			);
			name = "Supporting Files";
			sourceTree = "<group>";
		};
		EE2196F519E8BF750027B190 /* Products */ = {
			isa = PBXGroup;
			children = (
				EE2196FA19E8BF760027B190 /* IDOLBoxFramework.framework */,
				EE2196FC19E8BF760027B190 /* IDOLBoxFrameworkTests.xctest */,
			);
			name = Products;
			sourceTree = "<group>";
		};
		EE59F88419EA6BC0005A7657 /* IDOLBoxProvider */ = {
			isa = PBXGroup;
			children = (
				EE13D3A819EA6FF100581955 /* SelectDocTableViewController.swift */,
				EE13D3A619EA6FEA00581955 /* MainInterface.storyboard */,
				EE13D3A419EA6FE200581955 /* DocumentPickerViewController.swift */,
				EE59F88519EA6BC0005A7657 /* Supporting Files */,
			);
			path = IDOLBoxProvider;
			sourceTree = "<group>";
		};
		EE59F88519EA6BC0005A7657 /* Supporting Files */ = {
			isa = PBXGroup;
			children = (
				EE59F88619EA6BC0005A7657 /* Info.plist */,
				EE59F88719EA6BC0005A7657 /* IDOLBoxProvider.entitlements */,
			);
			name = "Supporting Files";
			sourceTree = "<group>";
		};
		EEC9D40219E6A8C4005A4D7E /* css */ = {
			isa = PBXGroup;
			children = (
				EEC9D41A19E7BCC4005A4D7E /* skin.css */,
				EEC9D40519E6A929005A4D7E /* style.css */,
				EEC9D40319E6A8FB005A4D7E /* reset.css */,
			);
			name = css;
			sourceTree = "<group>";
		};
		EEEFD72819E7FAA40041D1EF /* IDOLBoxAction */ = {
			isa = PBXGroup;
			children = (
				EEE4BECE19E93E9E00782DBB /* IDOLBoxAction.entitlements */,
				EEEFD72B19E7FAA40041D1EF /* ActionViewController.swift */,
				EEEFD72D19E7FAA40041D1EF /* MainInterface.storyboard */,
				EEEFD72919E7FAA40041D1EF /* Supporting Files */,
				EE81753A19EB6C5000874E65 /* extension_js.js */,
			);
			path = IDOLBoxAction;
			sourceTree = "<group>";
		};
		EEEFD72919E7FAA40041D1EF /* Supporting Files */ = {
			isa = PBXGroup;
			children = (
				EEEFD72A19E7FAA40041D1EF /* Info.plist */,
			);
			name = "Supporting Files";
			sourceTree = "<group>";
		};
		EEEFD73D19E7FB760041D1EF /* IDOLBoxShare */ = {
			isa = PBXGroup;
			children = (
				EEEFD75119E822020041D1EF /* IDOLBoxShare.entitlements */,
				EEEFD74019E7FB760041D1EF /* ShareViewController.swift */,
				EEEFD74219E7FB760041D1EF /* MainInterface.storyboard */,
				EEEFD73E19E7FB760041D1EF /* Supporting Files */,
			);
			path = IDOLBoxShare;
			sourceTree = "<group>";
		};
		EEEFD73E19E7FB760041D1EF /* Supporting Files */ = {
			isa = PBXGroup;
			children = (
				EEEFD73F19E7FB760041D1EF /* Info.plist */,
			);
			name = "Supporting Files";
			sourceTree = "<group>";
		};
		EEF9DECA19E3A3A500F718F8 /* UI */ = {
			isa = PBXGroup;
			children = (
				EE0E715419DCF2CC00247A08 /* LaunchScreen.xib */,
				EE0E714919DCF2CC00247A08 /* AppDelegate.swift */,
				EE0E714F19DCF2CC00247A08 /* Main.storyboard */,
				EEF9DEC819E3954500F718F8 /* SelectIndexTableViewController.swift */,
				EEF9DEC619E3789300F718F8 /* FindViewController.swift */,
				EEF9DEC419E3738000F718F8 /* SettingsViewController.swift */,
				EE24E8AB19DE2B5900391E11 /* BoxTableViewController.swift */,
				EE4899A119E5497D00BB7977 /* SearchResultTableViewController.swift */,
				EEC9D3FE19E68DBC005A4D7E /* SearchResultDetailViewController.swift */,
			);
			name = UI;
			sourceTree = "<group>";
		};
		EEF9DECE19E3A47600F718F8 /* Helpers */ = {
			isa = PBXGroup;
			children = (
				EEC9D40D19E6BAEC005A4D7E /* ViewDocumentTemplateProcessor.swift */,
			);
			name = Helpers;
			sourceTree = "<group>";
		};
/* End PBXGroup section */

/* Begin PBXNativeTarget section */
		EE0E714319DCF2CC00247A08 /* IDOLBox */ = {
			isa = PBXNativeTarget;
			buildConfigurationList = EE0E716519DCF2CC00247A08 /* Build configuration list for PBXNativeTarget "IDOLBox" */;
			buildPhases = (
				EE0E714019DCF2CC00247A08 /* Sources */,
				EE0E714119DCF2CC00247A08 /* Frameworks */,
				EE0E714219DCF2CC00247A08 /* Resources */,
				EEEFD73719E7FAA40041D1EF /* Embed App Extensions */,
				EE54352319E908B50037A6D6 /* CopyFiles */,
			);
			buildRules = (
			);
			dependencies = (
				EEEFD73019E7FAA40041D1EF /* PBXTargetDependency */,
				EEEFD73319E7FAA40041D1EF /* PBXTargetDependency */,
				EEEFD74519E7FB760041D1EF /* PBXTargetDependency */,
				EEEFD74819E7FB760041D1EF /* PBXTargetDependency */,
				EE59F88D19EA6BC0005A7657 /* PBXTargetDependency */,
				EE59F89019EA6BC0005A7657 /* PBXTargetDependency */,
			);
			name = IDOLBox;
			productName = IDOLBox;
			productReference = EE0E714419DCF2CC00247A08 /* IDOLBox.app */;
			productType = "com.apple.product-type.application";
		};
		EE0E715A19DCF2CC00247A08 /* IDOLBoxTests */ = {
			isa = PBXNativeTarget;
			buildConfigurationList = EE0E716819DCF2CC00247A08 /* Build configuration list for PBXNativeTarget "IDOLBoxTests" */;
			buildPhases = (
				EE0E715719DCF2CC00247A08 /* Sources */,
				EE0E715819DCF2CC00247A08 /* Frameworks */,
				EE0E715919DCF2CC00247A08 /* Resources */,
			);
			buildRules = (
			);
			dependencies = (
				EE0E715D19DCF2CC00247A08 /* PBXTargetDependency */,
			);
			name = IDOLBoxTests;
			productName = IDOLBoxTests;
			productReference = EE0E715B19DCF2CC00247A08 /* IDOLBoxTests.xctest */;
			productType = "com.apple.product-type.bundle.unit-test";
		};
		EE59F88219EA6BC0005A7657 /* IDOLBoxProvider */ = {
			isa = PBXNativeTarget;
			buildConfigurationList = EE59F89119EA6BC1005A7657 /* Build configuration list for PBXNativeTarget "IDOLBoxProvider" */;
			buildPhases = (
				EE59F87F19EA6BC0005A7657 /* Sources */,
				EE59F88019EA6BC0005A7657 /* Frameworks */,
				EE59F88119EA6BC0005A7657 /* Resources */,
			);
			buildRules = (
			);
			dependencies = (
			);
			name = IDOLBoxProvider;
			productName = IDOLBoxProvider;
			productReference = EE59F88319EA6BC0005A7657 /* IDOLBoxProvider.appex */;
			productType = "com.apple.product-type.app-extension";
		};
		EEEFD72619E7FAA30041D1EF /* IDOLBoxAction */ = {
			isa = PBXNativeTarget;
			buildConfigurationList = EEEFD73419E7FAA40041D1EF /* Build configuration list for PBXNativeTarget "IDOLBoxAction" */;
			buildPhases = (
				EEEFD72319E7FAA30041D1EF /* Sources */,
				EEEFD72419E7FAA30041D1EF /* Frameworks */,
				EEEFD72519E7FAA30041D1EF /* Resources */,
			);
			buildRules = (
			);
			dependencies = (
			);
			name = IDOLBoxAction;
			productName = IDOLBoxAction;
			productReference = EEEFD72719E7FAA30041D1EF /* IDOLBoxAction.appex */;
			productType = "com.apple.product-type.app-extension";
		};
		EEEFD73B19E7FB760041D1EF /* IDOLBoxShare */ = {
			isa = PBXNativeTarget;
			buildConfigurationList = EEEFD74919E7FB760041D1EF /* Build configuration list for PBXNativeTarget "IDOLBoxShare" */;
			buildPhases = (
				EEEFD73819E7FB760041D1EF /* Sources */,
				EEEFD73919E7FB760041D1EF /* Frameworks */,
				EEEFD73A19E7FB760041D1EF /* Resources */,
			);
			buildRules = (
			);
			dependencies = (
			);
			name = IDOLBoxShare;
			productName = IDOLBoxShare;
			productReference = EEEFD73C19E7FB760041D1EF /* IDOLBoxShare.appex */;
			productType = "com.apple.product-type.app-extension";
		};
/* End PBXNativeTarget section */

/* Begin PBXProject section */
		EE0E713C19DCF2CC00247A08 /* Project object */ = {
			isa = PBXProject;
			attributes = {
				LastUpgradeCheck = 0610;
				ORGANIZATIONNAME = TwoPi;
				TargetAttributes = {
					EE0E714319DCF2CC00247A08 = {
						CreatedOnToolsVersion = 6.1;
						DevelopmentTeam = WBDBMBMJVX;
						SystemCapabilities = {
							com.apple.ApplicationGroups.iOS = {
								enabled = 1;
							};
							com.apple.iCloud = {
								enabled = 1;
							};
						};
					};
					EE0E715A19DCF2CC00247A08 = {
						CreatedOnToolsVersion = 6.1;
						TestTargetID = EE0E714319DCF2CC00247A08;
					};
					EE59F88219EA6BC0005A7657 = {
						CreatedOnToolsVersion = 6.1;
						DevelopmentTeam = WBDBMBMJVX;
						SystemCapabilities = {
							com.apple.iCloud = {
								enabled = 1;
							};
						};
					};
					EEEFD72619E7FAA30041D1EF = {
						CreatedOnToolsVersion = 6.1;
						DevelopmentTeam = WBDBMBMJVX;
						SystemCapabilities = {
							com.apple.ApplicationGroups.iOS = {
								enabled = 1;
							};
						};
					};
					EEEFD73B19E7FB760041D1EF = {
						CreatedOnToolsVersion = 6.1;
						DevelopmentTeam = WBDBMBMJVX;
						SystemCapabilities = {
							com.apple.ApplicationGroups.iOS = {
								enabled = 1;
							};
						};
					};
				};
			};
			buildConfigurationList = EE0E713F19DCF2CC00247A08 /* Build configuration list for PBXProject "IDOLBox" */;
			compatibilityVersion = "Xcode 3.2";
			developmentRegion = English;
			hasScannedForEncodings = 0;
			knownRegions = (
				en,
				Base,
			);
			mainGroup = EE0E713B19DCF2CC00247A08;
			productRefGroup = EE0E714519DCF2CC00247A08 /* Products */;
			projectDirPath = "";
			projectReferences = (
				{
					ProductGroup = EE2196F519E8BF750027B190 /* Products */;
					ProjectRef = EE2196F419E8BF750027B190 /* IDOLBoxFramework.xcodeproj */;
				},
			);
			projectRoot = "";
			targets = (
				EE0E714319DCF2CC00247A08 /* IDOLBox */,
				EE0E715A19DCF2CC00247A08 /* IDOLBoxTests */,
				EEEFD72619E7FAA30041D1EF /* IDOLBoxAction */,
				EEEFD73B19E7FB760041D1EF /* IDOLBoxShare */,
				EE59F88219EA6BC0005A7657 /* IDOLBoxProvider */,
			);
		};
/* End PBXProject section */

/* Begin PBXReferenceProxy section */
		EE2196FA19E8BF760027B190 /* IDOLBoxFramework.framework */ = {
			isa = PBXReferenceProxy;
			fileType = wrapper.framework;
			path = IDOLBoxFramework.framework;
			remoteRef = EE2196F919E8BF760027B190 /* PBXContainerItemProxy */;
			sourceTree = BUILT_PRODUCTS_DIR;
		};
		EE2196FC19E8BF760027B190 /* IDOLBoxFrameworkTests.xctest */ = {
			isa = PBXReferenceProxy;
			fileType = wrapper.cfbundle;
			path = IDOLBoxFrameworkTests.xctest;
			remoteRef = EE2196FB19E8BF760027B190 /* PBXContainerItemProxy */;
			sourceTree = BUILT_PRODUCTS_DIR;
		};
/* End PBXReferenceProxy section */

/* Begin PBXResourcesBuildPhase section */
		EE0E714219DCF2CC00247A08 /* Resources */ = {
			isa = PBXResourcesBuildPhase;
			buildActionMask = 2147483647;
			files = (
				EE0E715119DCF2CC00247A08 /* Main.storyboard in Resources */,
				EEC9D40619E6A929005A4D7E /* style.css in Resources */,
				EEC9D40419E6A8FB005A4D7E /* reset.css in Resources */,
				EEC9D41B19E7BCC4005A4D7E /* skin.css in Resources */,
				EE0E715619DCF2CC00247A08 /* LaunchScreen.xib in Resources */,
				EEC9D40A19E6A99F005A4D7E /* ViewDocumentTemplate.html in Resources */,
				EE0E715319DCF2CC00247A08 /* Images.xcassets in Resources */,
			);
			runOnlyForDeploymentPostprocessing = 0;
		};
		EE0E715919DCF2CC00247A08 /* Resources */ = {
			isa = PBXResourcesBuildPhase;
			buildActionMask = 2147483647;
			files = (
			);
			runOnlyForDeploymentPostprocessing = 0;
		};
		EE59F88119EA6BC0005A7657 /* Resources */ = {
			isa = PBXResourcesBuildPhase;
			buildActionMask = 2147483647;
			files = (
				EE59F89519EA6C7A005A7657 /* Images.xcassets in Resources */,
				EE13D3A719EA6FEA00581955 /* MainInterface.storyboard in Resources */,
			);
			runOnlyForDeploymentPostprocessing = 0;
		};
		EEEFD72519E7FAA30041D1EF /* Resources */ = {
			isa = PBXResourcesBuildPhase;
			buildActionMask = 2147483647;
			files = (
				EE27E3E619EBB43F00C970C5 /* Images.xcassets in Resources */,
				EE81753B19EB6C5000874E65 /* extension_js.js in Resources */,
				EEEFD72E19E7FAA40041D1EF /* MainInterface.storyboard in Resources */,
			);
			runOnlyForDeploymentPostprocessing = 0;
		};
		EEEFD73A19E7FB760041D1EF /* Resources */ = {
			isa = PBXResourcesBuildPhase;
			buildActionMask = 2147483647;
			files = (
				EE54352719E915F00037A6D6 /* Images.xcassets in Resources */,
				EEEFD74319E7FB760041D1EF /* MainInterface.storyboard in Resources */,
			);
			runOnlyForDeploymentPostprocessing = 0;
		};
/* End PBXResourcesBuildPhase section */

/* Begin PBXSourcesBuildPhase section */
		EE0E714019DCF2CC00247A08 /* Sources */ = {
			isa = PBXSourcesBuildPhase;
			buildActionMask = 2147483647;
			files = (
				EE0E714A19DCF2CC00247A08 /* AppDelegate.swift in Sources */,
				EEF9DEC519E3738000F718F8 /* SettingsViewController.swift in Sources */,
				EEF9DEC919E3954500F718F8 /* SelectIndexTableViewController.swift in Sources */,
				EE24E8AC19DE2B5900391E11 /* BoxTableViewController.swift in Sources */,
				EEC9D3FF19E68DBC005A4D7E /* SearchResultDetailViewController.swift in Sources */,
				EEF9DEC719E3789300F718F8 /* FindViewController.swift in Sources */,
				EEC9D40E19E6BAEC005A4D7E /* ViewDocumentTemplateProcessor.swift in Sources */,
				EE4899A219E5497D00BB7977 /* SearchResultTableViewController.swift in Sources */,
			);
			runOnlyForDeploymentPostprocessing = 0;
		};
		EE0E715719DCF2CC00247A08 /* Sources */ = {
			isa = PBXSourcesBuildPhase;
			buildActionMask = 2147483647;
			files = (
				EE0E716219DCF2CC00247A08 /* IDOLBoxTests.swift in Sources */,
			);
			runOnlyForDeploymentPostprocessing = 0;
		};
		EE59F87F19EA6BC0005A7657 /* Sources */ = {
			isa = PBXSourcesBuildPhase;
			buildActionMask = 2147483647;
			files = (
				EE13D3A919EA6FF100581955 /* SelectDocTableViewController.swift in Sources */,
				EE13D3A519EA6FE200581955 /* DocumentPickerViewController.swift in Sources */,
			);
			runOnlyForDeploymentPostprocessing = 0;
		};
		EEEFD72319E7FAA30041D1EF /* Sources */ = {
			isa = PBXSourcesBuildPhase;
			buildActionMask = 2147483647;
			files = (
				EEEFD72C19E7FAA40041D1EF /* ActionViewController.swift in Sources */,
			);
			runOnlyForDeploymentPostprocessing = 0;
		};
		EEEFD73819E7FB760041D1EF /* Sources */ = {
			isa = PBXSourcesBuildPhase;
			buildActionMask = 2147483647;
			files = (
				EEEFD74119E7FB760041D1EF /* ShareViewController.swift in Sources */,
			);
			runOnlyForDeploymentPostprocessing = 0;
		};
/* End PBXSourcesBuildPhase section */

/* Begin PBXTargetDependency section */
		EE0E715D19DCF2CC00247A08 /* PBXTargetDependency */ = {
			isa = PBXTargetDependency;
			target = EE0E714319DCF2CC00247A08 /* IDOLBox */;
			targetProxy = EE0E715C19DCF2CC00247A08 /* PBXContainerItemProxy */;
		};
		EE59F88D19EA6BC0005A7657 /* PBXTargetDependency */ = {
			isa = PBXTargetDependency;
			target = EE59F88219EA6BC0005A7657 /* IDOLBoxProvider */;
			targetProxy = EE59F88C19EA6BC0005A7657 /* PBXContainerItemProxy */;
		};
		EE59F89019EA6BC0005A7657 /* PBXTargetDependency */ = {
			isa = PBXTargetDependency;
			target = EE59F88219EA6BC0005A7657 /* IDOLBoxProvider */;
			targetProxy = EE59F88F19EA6BC0005A7657 /* PBXContainerItemProxy */;
		};
		EEEFD73019E7FAA40041D1EF /* PBXTargetDependency */ = {
			isa = PBXTargetDependency;
			target = EEEFD72619E7FAA30041D1EF /* IDOLBoxAction */;
			targetProxy = EEEFD72F19E7FAA40041D1EF /* PBXContainerItemProxy */;
		};
		EEEFD73319E7FAA40041D1EF /* PBXTargetDependency */ = {
			isa = PBXTargetDependency;
			target = EEEFD72619E7FAA30041D1EF /* IDOLBoxAction */;
			targetProxy = EEEFD73219E7FAA40041D1EF /* PBXContainerItemProxy */;
		};
		EEEFD74519E7FB760041D1EF /* PBXTargetDependency */ = {
			isa = PBXTargetDependency;
			target = EEEFD73B19E7FB760041D1EF /* IDOLBoxShare */;
			targetProxy = EEEFD74419E7FB760041D1EF /* PBXContainerItemProxy */;
		};
		EEEFD74819E7FB760041D1EF /* PBXTargetDependency */ = {
			isa = PBXTargetDependency;
			target = EEEFD73B19E7FB760041D1EF /* IDOLBoxShare */;
			targetProxy = EEEFD74719E7FB760041D1EF /* PBXContainerItemProxy */;
		};
/* End PBXTargetDependency section */

/* Begin PBXVariantGroup section */
		EE0E714F19DCF2CC00247A08 /* Main.storyboard */ = {
			isa = PBXVariantGroup;
			children = (
				EE0E715019DCF2CC00247A08 /* Base */,
			);
			name = Main.storyboard;
			sourceTree = "<group>";
		};
		EE0E715419DCF2CC00247A08 /* LaunchScreen.xib */ = {
			isa = PBXVariantGroup;
			children = (
				EE0E715519DCF2CC00247A08 /* Base */,
			);
			name = LaunchScreen.xib;
			sourceTree = "<group>";
		};
/* End PBXVariantGroup section */

/* Begin XCBuildConfiguration section */
		EE0E716319DCF2CC00247A08 /* Debug */ = {
			isa = XCBuildConfiguration;
			buildSettings = {
				ALWAYS_SEARCH_USER_PATHS = NO;
				CLANG_CXX_LANGUAGE_STANDARD = "gnu++0x";
				CLANG_CXX_LIBRARY = "libc++";
				CLANG_ENABLE_MODULES = YES;
				CLANG_ENABLE_OBJC_ARC = YES;
				CLANG_WARN_BOOL_CONVERSION = YES;
				CLANG_WARN_CONSTANT_CONVERSION = YES;
				CLANG_WARN_DIRECT_OBJC_ISA_USAGE = YES_ERROR;
				CLANG_WARN_EMPTY_BODY = YES;
				CLANG_WARN_ENUM_CONVERSION = YES;
				CLANG_WARN_INT_CONVERSION = YES;
				CLANG_WARN_OBJC_ROOT_CLASS = YES_ERROR;
				CLANG_WARN_UNREACHABLE_CODE = YES;
				CLANG_WARN__DUPLICATE_METHOD_MATCH = YES;
				"CODE_SIGN_IDENTITY[sdk=iphoneos*]" = "iPhone Developer";
				COPY_PHASE_STRIP = NO;
				ENABLE_STRICT_OBJC_MSGSEND = YES;
				GCC_C_LANGUAGE_STANDARD = gnu99;
				GCC_DYNAMIC_NO_PIC = NO;
				GCC_OPTIMIZATION_LEVEL = 0;
				GCC_PREPROCESSOR_DEFINITIONS = (
					"DEBUG=1",
					"$(inherited)",
				);
				GCC_SYMBOLS_PRIVATE_EXTERN = NO;
				GCC_WARN_64_TO_32_BIT_CONVERSION = YES;
				GCC_WARN_ABOUT_RETURN_TYPE = YES_ERROR;
				GCC_WARN_UNDECLARED_SELECTOR = YES;
				GCC_WARN_UNINITIALIZED_AUTOS = YES_AGGRESSIVE;
				GCC_WARN_UNUSED_FUNCTION = YES;
				GCC_WARN_UNUSED_VARIABLE = YES;
				IPHONEOS_DEPLOYMENT_TARGET = 8.0;
				MTL_ENABLE_DEBUG_INFO = YES;
				ONLY_ACTIVE_ARCH = YES;
				SDKROOT = iphoneos;
				SWIFT_OPTIMIZATION_LEVEL = "-Onone";
				TARGETED_DEVICE_FAMILY = "1,2";
			};
			name = Debug;
		};
		EE0E716419DCF2CC00247A08 /* Release */ = {
			isa = XCBuildConfiguration;
			buildSettings = {
				ALWAYS_SEARCH_USER_PATHS = NO;
				CLANG_CXX_LANGUAGE_STANDARD = "gnu++0x";
				CLANG_CXX_LIBRARY = "libc++";
				CLANG_ENABLE_MODULES = YES;
				CLANG_ENABLE_OBJC_ARC = YES;
				CLANG_WARN_BOOL_CONVERSION = YES;
				CLANG_WARN_CONSTANT_CONVERSION = YES;
				CLANG_WARN_DIRECT_OBJC_ISA_USAGE = YES_ERROR;
				CLANG_WARN_EMPTY_BODY = YES;
				CLANG_WARN_ENUM_CONVERSION = YES;
				CLANG_WARN_INT_CONVERSION = YES;
				CLANG_WARN_OBJC_ROOT_CLASS = YES_ERROR;
				CLANG_WARN_UNREACHABLE_CODE = YES;
				CLANG_WARN__DUPLICATE_METHOD_MATCH = YES;
				"CODE_SIGN_IDENTITY[sdk=iphoneos*]" = "iPhone Developer";
				COPY_PHASE_STRIP = YES;
				ENABLE_NS_ASSERTIONS = NO;
				ENABLE_STRICT_OBJC_MSGSEND = YES;
				GCC_C_LANGUAGE_STANDARD = gnu99;
				GCC_WARN_64_TO_32_BIT_CONVERSION = YES;
				GCC_WARN_ABOUT_RETURN_TYPE = YES_ERROR;
				GCC_WARN_UNDECLARED_SELECTOR = YES;
				GCC_WARN_UNINITIALIZED_AUTOS = YES_AGGRESSIVE;
				GCC_WARN_UNUSED_FUNCTION = YES;
				GCC_WARN_UNUSED_VARIABLE = YES;
				IPHONEOS_DEPLOYMENT_TARGET = 8.0;
				MTL_ENABLE_DEBUG_INFO = NO;
				SDKROOT = iphoneos;
				TARGETED_DEVICE_FAMILY = "1,2";
				VALIDATE_PRODUCT = YES;
			};
			name = Release;
		};
		EE0E716619DCF2CC00247A08 /* Debug */ = {
			isa = XCBuildConfiguration;
			buildSettings = {
				ASSETCATALOG_COMPILER_APPICON_NAME = AppIcon;
				CODE_SIGN_ENTITLEMENTS = IDOLBox/IDOLBox.entitlements;
				CODE_SIGN_IDENTITY = "iPhone Developer";
				"CODE_SIGN_IDENTITY[sdk=iphoneos*]" = "iPhone Developer";
				INFOPLIST_FILE = IDOLBox/Info.plist;
				IPHONEOS_DEPLOYMENT_TARGET = 8.0;
				LD_RUNPATH_SEARCH_PATHS = "$(inherited) @executable_path/Frameworks";
				PRODUCT_NAME = "$(TARGET_NAME)";
				PROVISIONING_PROFILE = "";
				TARGETED_DEVICE_FAMILY = "1,2";
			};
			name = Debug;
		};
		EE0E716719DCF2CC00247A08 /* Release */ = {
			isa = XCBuildConfiguration;
			buildSettings = {
				ASSETCATALOG_COMPILER_APPICON_NAME = AppIcon;
				CODE_SIGN_ENTITLEMENTS = IDOLBox/IDOLBox.entitlements;
				CODE_SIGN_IDENTITY = "iPhone Developer";
				"CODE_SIGN_IDENTITY[sdk=iphoneos*]" = "iPhone Developer";
				INFOPLIST_FILE = IDOLBox/Info.plist;
				IPHONEOS_DEPLOYMENT_TARGET = 8.0;
				LD_RUNPATH_SEARCH_PATHS = "$(inherited) @executable_path/Frameworks";
				PRODUCT_NAME = "$(TARGET_NAME)";
				PROVISIONING_PROFILE = "";
				TARGETED_DEVICE_FAMILY = "1,2";
			};
			name = Release;
		};
		EE0E716919DCF2CC00247A08 /* Debug */ = {
			isa = XCBuildConfiguration;
			buildSettings = {
				BUNDLE_LOADER = "$(TEST_HOST)";
				FRAMEWORK_SEARCH_PATHS = (
					"$(SDKROOT)/Developer/Library/Frameworks",
					"$(inherited)",
				);
				GCC_PREPROCESSOR_DEFINITIONS = (
					"DEBUG=1",
					"$(inherited)",
				);
				INFOPLIST_FILE = IDOLBoxTests/Info.plist;
				LD_RUNPATH_SEARCH_PATHS = "$(inherited) @executable_path/Frameworks @loader_path/Frameworks";
				PRODUCT_NAME = "$(TARGET_NAME)";
				TEST_HOST = "$(BUILT_PRODUCTS_DIR)/IDOLBox.app/IDOLBox";
			};
			name = Debug;
		};
		EE0E716A19DCF2CC00247A08 /* Release */ = {
			isa = XCBuildConfiguration;
			buildSettings = {
				BUNDLE_LOADER = "$(TEST_HOST)";
				FRAMEWORK_SEARCH_PATHS = (
					"$(SDKROOT)/Developer/Library/Frameworks",
					"$(inherited)",
				);
				INFOPLIST_FILE = IDOLBoxTests/Info.plist;
				LD_RUNPATH_SEARCH_PATHS = "$(inherited) @executable_path/Frameworks @loader_path/Frameworks";
				PRODUCT_NAME = "$(TARGET_NAME)";
				TEST_HOST = "$(BUILT_PRODUCTS_DIR)/IDOLBox.app/IDOLBox";
			};
			name = Release;
		};
		EE59F89219EA6BC1005A7657 /* Debug */ = {
			isa = XCBuildConfiguration;
			buildSettings = {
				CODE_SIGN_ENTITLEMENTS = IDOLBoxProvider/IDOLBoxProvider.entitlements;
				CODE_SIGN_IDENTITY = "iPhone Developer";
				"CODE_SIGN_IDENTITY[sdk=iphoneos*]" = "iPhone Developer";
				GCC_PREPROCESSOR_DEFINITIONS = (
					"DEBUG=1",
					"$(inherited)",
				);
				INFOPLIST_FILE = IDOLBoxProvider/Info.plist;
				LD_RUNPATH_SEARCH_PATHS = "$(inherited) @executable_path/Frameworks @executable_path/../../Frameworks";
				PRODUCT_NAME = "$(TARGET_NAME)";
				PROVISIONING_PROFILE = "";
				SKIP_INSTALL = YES;
			};
			name = Debug;
		};
		EE59F89319EA6BC1005A7657 /* Release */ = {
			isa = XCBuildConfiguration;
			buildSettings = {
				CODE_SIGN_ENTITLEMENTS = IDOLBoxProvider/IDOLBoxProvider.entitlements;
				CODE_SIGN_IDENTITY = "iPhone Developer";
				"CODE_SIGN_IDENTITY[sdk=iphoneos*]" = "iPhone Developer";
				INFOPLIST_FILE = IDOLBoxProvider/Info.plist;
				LD_RUNPATH_SEARCH_PATHS = "$(inherited) @executable_path/Frameworks @executable_path/../../Frameworks";
				PRODUCT_NAME = "$(TARGET_NAME)";
				PROVISIONING_PROFILE = "";
				SKIP_INSTALL = YES;
			};
			name = Release;
		};
		EEEFD73519E7FAA40041D1EF /* Debug */ = {
			isa = XCBuildConfiguration;
			buildSettings = {
				ASSETCATALOG_COMPILER_APPICON_NAME = "AppIcon-2";
				ASSETCATALOG_COMPILER_LAUNCHIMAGE_NAME = "LaunchImage-2";
				CODE_SIGN_ENTITLEMENTS = IDOLBoxAction/IDOLBoxAction.entitlements;
				CODE_SIGN_IDENTITY = "iPhone Developer";
				"CODE_SIGN_IDENTITY[sdk=iphoneos*]" = "iPhone Developer";
				GCC_PREPROCESSOR_DEFINITIONS = (
					"DEBUG=1",
					"$(inherited)",
				);
				INFOPLIST_FILE = IDOLBoxAction/Info.plist;
				LD_RUNPATH_SEARCH_PATHS = "$(inherited) @executable_path/Frameworks @executable_path/../../Frameworks";
				PRODUCT_NAME = "$(TARGET_NAME)";
				PROVISIONING_PROFILE = "";
				SKIP_INSTALL = YES;
			};
			name = Debug;
		};
		EEEFD73619E7FAA40041D1EF /* Release */ = {
			isa = XCBuildConfiguration;
			buildSettings = {
				ASSETCATALOG_COMPILER_APPICON_NAME = "AppIcon-2";
				ASSETCATALOG_COMPILER_LAUNCHIMAGE_NAME = "LaunchImage-2";
				CODE_SIGN_ENTITLEMENTS = IDOLBoxAction/IDOLBoxAction.entitlements;
				CODE_SIGN_IDENTITY = "iPhone Developer";
				"CODE_SIGN_IDENTITY[sdk=iphoneos*]" = "iPhone Developer";
				INFOPLIST_FILE = IDOLBoxAction/Info.plist;
				LD_RUNPATH_SEARCH_PATHS = "$(inherited) @executable_path/Frameworks @executable_path/../../Frameworks";
				PRODUCT_NAME = "$(TARGET_NAME)";
				PROVISIONING_PROFILE = "";
				SKIP_INSTALL = YES;
			};
			name = Release;
		};
		EEEFD74A19E7FB760041D1EF /* Debug */ = {
			isa = XCBuildConfiguration;
			buildSettings = {
				ASSETCATALOG_COMPILER_APPICON_NAME = AppIcon;
				ASSETCATALOG_COMPILER_LAUNCHIMAGE_NAME = LaunchImage;
				CODE_SIGN_ENTITLEMENTS = IDOLBoxShare/IDOLBoxShare.entitlements;
				CODE_SIGN_IDENTITY = "iPhone Developer";
				"CODE_SIGN_IDENTITY[sdk=iphoneos*]" = "iPhone Developer";
				GCC_PREPROCESSOR_DEFINITIONS = (
					"DEBUG=1",
					"$(inherited)",
				);
				INFOPLIST_FILE = IDOLBoxShare/Info.plist;
				LD_RUNPATH_SEARCH_PATHS = "$(inherited) @executable_path/Frameworks @executable_path/../../Frameworks";
				PRODUCT_NAME = "$(TARGET_NAME)";
				PROVISIONING_PROFILE = "";
				SKIP_INSTALL = YES;
			};
			name = Debug;
		};
		EEEFD74B19E7FB760041D1EF /* Release */ = {
			isa = XCBuildConfiguration;
			buildSettings = {
				ASSETCATALOG_COMPILER_APPICON_NAME = AppIcon;
				ASSETCATALOG_COMPILER_LAUNCHIMAGE_NAME = LaunchImage;
				CODE_SIGN_ENTITLEMENTS = IDOLBoxShare/IDOLBoxShare.entitlements;
				CODE_SIGN_IDENTITY = "iPhone Developer";
				"CODE_SIGN_IDENTITY[sdk=iphoneos*]" = "iPhone Developer";
				INFOPLIST_FILE = IDOLBoxShare/Info.plist;
				LD_RUNPATH_SEARCH_PATHS = "$(inherited) @executable_path/Frameworks @executable_path/../../Frameworks";
				PRODUCT_NAME = "$(TARGET_NAME)";
				PROVISIONING_PROFILE = "";
				SKIP_INSTALL = YES;
			};
			name = Release;
		};
/* End XCBuildConfiguration section */

/* Begin XCConfigurationList section */
		EE0E713F19DCF2CC00247A08 /* Build configuration list for PBXProject "IDOLBox" */ = {
			isa = XCConfigurationList;
			buildConfigurations = (
				EE0E716319DCF2CC00247A08 /* Debug */,
				EE0E716419DCF2CC00247A08 /* Release */,
			);
			defaultConfigurationIsVisible = 0;
			defaultConfigurationName = Release;
		};
		EE0E716519DCF2CC00247A08 /* Build configuration list for PBXNativeTarget "IDOLBox" */ = {
			isa = XCConfigurationList;
			buildConfigurations = (
				EE0E716619DCF2CC00247A08 /* Debug */,
				EE0E716719DCF2CC00247A08 /* Release */,
			);
			defaultConfigurationIsVisible = 0;
			defaultConfigurationName = Release;
		};
		EE0E716819DCF2CC00247A08 /* Build configuration list for PBXNativeTarget "IDOLBoxTests" */ = {
			isa = XCConfigurationList;
			buildConfigurations = (
				EE0E716919DCF2CC00247A08 /* Debug */,
				EE0E716A19DCF2CC00247A08 /* Release */,
			);
			defaultConfigurationIsVisible = 0;
			defaultConfigurationName = Release;
		};
		EE59F89119EA6BC1005A7657 /* Build configuration list for PBXNativeTarget "IDOLBoxProvider" */ = {
			isa = XCConfigurationList;
			buildConfigurations = (
				EE59F89219EA6BC1005A7657 /* Debug */,
				EE59F89319EA6BC1005A7657 /* Release */,
			);
			defaultConfigurationIsVisible = 0;
			defaultConfigurationName = Release;
		};
		EEEFD73419E7FAA40041D1EF /* Build configuration list for PBXNativeTarget "IDOLBoxAction" */ = {
			isa = XCConfigurationList;
			buildConfigurations = (
				EEEFD73519E7FAA40041D1EF /* Debug */,
				EEEFD73619E7FAA40041D1EF /* Release */,
			);
			defaultConfigurationIsVisible = 0;
			defaultConfigurationName = Release;
		};
		EEEFD74919E7FB760041D1EF /* Build configuration list for PBXNativeTarget "IDOLBoxShare" */ = {
			isa = XCConfigurationList;
			buildConfigurations = (
				EEEFD74A19E7FB760041D1EF /* Debug */,
				EEEFD74B19E7FB760041D1EF /* Release */,
			);
			defaultConfigurationIsVisible = 0;
			defaultConfigurationName = Release;
		};
/* End XCConfigurationList section */
	};
	rootObject = EE0E713C19DCF2CC00247A08 /* Project object */;
}
